github.com/KKKZOZ/hugo-admonitions v0.10.1 h1:ZJU157gve6JhmB5fHKWjwgRI80s+mFyCqASTkAHazLI=
github.com/KKKZOZ/hugo-admonitions v0.10.1/go.mod h1:4PsJAsqo3mS3VzAtDLa8k0ds+CJQUWZhAo9kLi1NRlM=
github.com/luizdepra/hugo-coder v0.0.0-20250527202033-70c0792f78b2 h1:cfezN10+MqGKajcvufJvuKo5mgFX1jyYCr9RJtUBoCw=
github.com/luizdepra/hugo-coder v0.0.0-20250527202033-70c0792f78b2/go.mod h1:9EQBf2rU+NPjlohGuKcEgdqSeOc3tIQoOty4xPpuUQ4=
